
Microsoft Visual Studio Solution File, Format Version 12.00
# Visual Studio Version 17
VisualStudioVersion = 17.14.36401.2
MinimumVisualStudioVersion = 10.0.40219.1
Project("{FAE04EC0-301F-11D3-BF4B-00C04F79EFBC}") = "DawidSobieszczuk.TerminalNotes.Console", "DawidSobieszczuk.TerminalNotes.Console\DawidSobieszczuk.TerminalNotes.Console.csproj", "{C86FA98C-60F2-4780-85AD-3C0291C63BF6}"
EndProject
Project("{FAE04EC0-301F-11D3-BF4B-00C04F79EFBC}") = "DawidSobieszczuk.TerminalNotes.Data", "DawidSobieszczuk.TerminalNotes.Data\DawidSobieszczuk.TerminalNotes.Data.csproj", "{8E995AC1-5B25-4F6C-8BF4-FAB059C40EB4}"
EndProject
Project("{FAE04EC0-301F-11D3-BF4B-00C04F79EFBC}") = "DawidSobieszczuk.TerminalNotes.Core", "DawidSobieszczuk.TerminalNotes.Core\DawidSobieszczuk.TerminalNotes.Core.csproj", "{0181DF8F-1E6C-4B57-A0E5-26B8CB193C55}"
EndProject
Global
	GlobalSection(SolutionConfigurationPlatforms) = preSolution
		Debug|Any CPU = Debug|Any CPU
		Release|Any CPU = Release|Any CPU
	EndGlobalSection
	GlobalSection(ProjectConfigurationPlatforms) = postSolution
		{C86FA98C-60F2-4780-85AD-3C0291C63BF6}.Debug|Any CPU.ActiveCfg = Debug|Any CPU
		{C86FA98C-60F2-4780-85AD-3C0291C63BF6}.Debug|Any CPU.Build.0 = Debug|Any CPU
		{C86FA98C-60F2-4780-85AD-3C0291C63BF6}.Release|Any CPU.ActiveCfg = Release|Any CPU
		{C86FA98C-60F2-4780-85AD-3C0291C63BF6}.Release|Any CPU.Build.0 = Release|Any CPU
		{8E995AC1-5B25-4F6C-8BF4-FAB059C40EB4}.Debug|Any CPU.ActiveCfg = Debug|Any CPU
		{8E995AC1-5B25-4F6C-8BF4-FAB059C40EB4}.Debug|Any CPU.Build.0 = Debug|Any CPU
		{8E995AC1-5B25-4F6C-8BF4-FAB059C40EB4}.Release|Any CPU.ActiveCfg = Release|Any CPU
		{8E995AC1-5B25-4F6C-8BF4-FAB059C40EB4}.Release|Any CPU.Build.0 = Release|Any CPU
		{0181DF8F-1E6C-4B57-A0E5-26B8CB193C55}.Debug|Any CPU.ActiveCfg = Debug|Any CPU
		{0181DF8F-1E6C-4B57-A0E5-26B8CB193C55}.Debug|Any CPU.Build.0 = Debug|Any CPU
		{0181DF8F-1E6C-4B57-A0E5-26B8CB193C55}.Release|Any CPU.ActiveCfg = Release|Any CPU
		{0181DF8F-1E6C-4B57-A0E5-26B8CB193C55}.Release|Any CPU.Build.0 = Release|Any CPU
	EndGlobalSection
	GlobalSection(SolutionProperties) = preSolution
		HideSolutionNode = FALSE
	EndGlobalSection
	GlobalSection(ExtensibilityGlobals) = postSolution
		SolutionGuid = {547349B1-6276-4149-8159-7D4FA8E5109F}
	EndGlobalSection
EndGlobal
